Microsoft Visual Studio Solution File, Format Version 10.00
# Visual Studio 2008
Project("{F184B08F-C81C-45F6-A57F-5ABD9991F28F}") = "CNWG001", "CNWG001.vbproj", "{66C45A1F-0480-4164-AD01-F240246D9043}"
EndProject
Project("{54435603-DBB4-11D2-8724-00A0C9A8B90C}") = "CrossNaviÅyCNWG001Åz", "CrossNaviÅyCNWG001Åz\CrossNaviÅyCNWG001Åz.vdproj", "{81AF58A5-CB7A-4BB2-9F5C-267E1A311FAE}"
EndProject
Global
	GlobalSection(SolutionConfigurationPlatforms) = preSolution
		Debug|Any CPU = Debug|Any CPU
		Release|Any CPU = Release|Any CPU
	EndGlobalSection
	GlobalSection(ProjectConfigurationPlatforms) = postSolution
		{66C45A1F-0480-4164-AD01-F240246D9043}.Debug|Any CPU.ActiveCfg = Debug|Any CPU
		{66C45A1F-0480-4164-AD01-F240246D9043}.Debug|Any CPU.Build.0 = Debug|Any CPU
		{66C45A1F-0480-4164-AD01-F240246D9043}.Release|Any CPU.ActiveCfg = Release|Any CPU
		{66C45A1F-0480-4164-AD01-F240246D9043}.Release|Any CPU.Build.0 = Release|Any CPU
		{81AF58A5-CB7A-4BB2-9F5C-267E1A311FAE}.Debug|Any CPU.ActiveCfg = Debug
		{81AF58A5-CB7A-4BB2-9F5C-267E1A311FAE}.Release|Any CPU.ActiveCfg = Release
		{81AF58A5-CB7A-4BB2-9F5C-267E1A311FAE}.Release|Any CPU.Build.0 = Release
	EndGlobalSection
	GlobalSection(SolutionProperties) = preSolution
		HideSolutionNode = FALSE
	EndGlobalSection
EndGlobal
